
Microsoft Visual Studio Solution File, Format Version 12.00
# Visual Studio Version 18
VisualStudioVersion = 18.3.11312.210 d18.3
MinimumVisualStudioVersion = 10.0.40219.1
Project("{FAE04EC0-301F-11D3-BF4B-00C04F79EFBC}") = "StudyMateAI", "StudyMateAI.csproj", "{B2F4ED7D-7912-8318-4BDB-8D6C1EDCDAE7}"
EndProject
Global
	GlobalSection(SolutionConfigurationPlatforms) = preSolution
		Debug|Any CPU = Debug|Any CPU
		Release|Any CPU = Release|Any CPU
	EndGlobalSection
	GlobalSection(ProjectConfigurationPlatforms) = postSolution
		{B2F4ED7D-7912-8318-4BDB-8D6C1EDCDAE7}.Debug|Any CPU.ActiveCfg = Debug|Any CPU
		{B2F4ED7D-7912-8318-4BDB-8D6C1EDCDAE7}.Debug|Any CPU.Build.0 = Debug|Any CPU
		{B2F4ED7D-7912-8318-4BDB-8D6C1EDCDAE7}.Release|Any CPU.ActiveCfg = Release|Any CPU
		{B2F4ED7D-7912-8318-4BDB-8D6C1EDCDAE7}.Release|Any CPU.Build.0 = Release|Any CPU
	EndGlobalSection
	GlobalSection(SolutionProperties) = preSolution
		HideSolutionNode = FALSE
	EndGlobalSection
	GlobalSection(ExtensibilityGlobals) = postSolution
		SolutionGuid = {91BFDBAC-FAF1-44C1-ACD0-FEE1D2E72A86}
	EndGlobalSection
EndGlobal
